// !$*UTF8*$!
{
	archiveVersion = 1;
	classes = {
	};
	objectVersion = 46;
	objects = {

/* Begin PBXBuildFile section */
		28091E8D1C6332A600E789CD /* FilterListViewController.swift in Sources */ = {isa = PBXBuildFile; fileRef = 28091E8C1C6332A600E789CD /* FilterListViewController.swift */; };
		28091E8F1C636F9000E789CD /* FilterCell.swift in Sources */ = {isa = PBXBuildFile; fileRef = 28091E8E1C636F9000E789CD /* FilterCell.swift */; };
		28091E911C64B0B900E789CD /* Constants.swift in Sources */ = {isa = PBXBuildFile; fileRef = 28091E901C64B0B900E789CD /* Constants.swift */; };
		28091E931C64B61C00E789CD /* RangeExtension.swift in Sources */ = {isa = PBXBuildFile; fileRef = 28091E921C64B61C00E789CD /* RangeExtension.swift */; };
		28091E9B1C64CC1A00E789CD /* TrackViewModel.swift in Sources */ = {isa = PBXBuildFile; fileRef = 28091E9A1C64CC1A00E789CD /* TrackViewModel.swift */; };
		280DE5291C62FCB200E64020 /* Podfile in Resources */ = {isa = PBXBuildFile; fileRef = 280DE5281C62FCB200E64020 /* Podfile */; };
		281324ED1C672EE80072E730 /* EventsResultsViewController.swift in Sources */ = {isa = PBXBuildFile; fileRef = 281324EC1C672EE80072E730 /* EventsResultsViewController.swift */; };
		281324EF1C6735430072E730 /* EventsBaseViewController.swift in Sources */ = {isa = PBXBuildFile; fileRef = 281324EE1C6735430072E730 /* EventsBaseViewController.swift */; };
		2824FD5A1C6C0AFE00F783E1 /* SchedulePagingView.swift in Sources */ = {isa = PBXBuildFile; fileRef = 2824FD591C6C0AFE00F783E1 /* SchedulePagingView.swift */; };
		2824FD621C6C732300F783E1 /* MoreViewController.swift in Sources */ = {isa = PBXBuildFile; fileRef = 2824FD611C6C732300F783E1 /* MoreViewController.swift */; };
		2824FD641C6DA80600F783E1 /* LoadingViewController.swift in Sources */ = {isa = PBXBuildFile; fileRef = 2824FD631C6DA80600F783E1 /* LoadingViewController.swift */; };
		2824FD661C6DBBF500F783E1 /* EventListBrowsingProtocol.swift in Sources */ = {isa = PBXBuildFile; fileRef = 2824FD651C6DBBF500F783E1 /* EventListBrowsingProtocol.swift */; };
		2824FD6B1C6DBF9A00F783E1 /* More.storyboard in Resources */ = {isa = PBXBuildFile; fileRef = 2824FD6A1C6DBF9A00F783E1 /* More.storyboard */; };
		2824FD6D1C6DC05300F783E1 /* FavoriteEventsListViewController.swift in Sources */ = {isa = PBXBuildFile; fileRef = 2824FD6C1C6DC05300F783E1 /* FavoriteEventsListViewController.swift */; };
		2824FD6F1C6DC4E100F783E1 /* EventsBaseListViewController.swift in Sources */ = {isa = PBXBuildFile; fileRef = 2824FD6E1C6DC4E100F783E1 /* EventsBaseListViewController.swift */; };
		2824FE101C6EBB6700F783E1 /* FavoritesScheduleViewController.swift in Sources */ = {isa = PBXBuildFile; fileRef = 2824FE0F1C6EBB6700F783E1 /* FavoritesScheduleViewController.swift */; };
		2824FE121C6EBB9E00F783E1 /* ScheduleBrowsingProtocol.swift in Sources */ = {isa = PBXBuildFile; fileRef = 2824FE111C6EBB9E00F783E1 /* ScheduleBrowsingProtocol.swift */; };
		28352C711C6B2B9F0055E2F5 /* EventsListViewController.swift in Sources */ = {isa = PBXBuildFile; fileRef = 28352C701C6B2B9F0055E2F5 /* EventsListViewController.swift */; };
		28352C731C6B411C0055E2F5 /* EventsListViewModel.swift in Sources */ = {isa = PBXBuildFile; fileRef = 28352C721C6B411C0055E2F5 /* EventsListViewModel.swift */; };
		2859B0FE1C5DF8D7009656FC /* EventViewController.swift in Sources */ = {isa = PBXBuildFile; fileRef = 2859B0FD1C5DF8D7009656FC /* EventViewController.swift */; };
		2859B1001C5DFD09009656FC /* Colors.swift in Sources */ = {isa = PBXBuildFile; fileRef = 2859B0FF1C5DFD09009656FC /* Colors.swift */; };
		2859B1021C5E29DC009656FC /* EventInfoView.swift in Sources */ = {isa = PBXBuildFile; fileRef = 2859B1011C5E29DC009656FC /* EventInfoView.swift */; };
		285F1B651C5AF7B100A7E0DD /* AppDelegate.swift in Sources */ = {isa = PBXBuildFile; fileRef = 285F1B641C5AF7B100A7E0DD /* AppDelegate.swift */; };
		285F1B671C5AF7B100A7E0DD /* ScheduleViewController.swift in Sources */ = {isa = PBXBuildFile; fileRef = 285F1B661C5AF7B100A7E0DD /* ScheduleViewController.swift */; };
		285F1B6C1C5AF7B100A7E0DD /* Main.storyboard in Resources */ = {isa = PBXBuildFile; fileRef = 285F1B6A1C5AF7B100A7E0DD /* Main.storyboard */; };
		285F1B6E1C5AF7B100A7E0DD /* Assets.xcassets in Resources */ = {isa = PBXBuildFile; fileRef = 285F1B6D1C5AF7B100A7E0DD /* Assets.xcassets */; };
		285F1B711C5AF7B100A7E0DD /* LaunchScreen.storyboard in Resources */ = {isa = PBXBuildFile; fileRef = 285F1B6F1C5AF7B100A7E0DD /* LaunchScreen.storyboard */; };
		285F1B791C5AFBBB00A7E0DD /* SwiftHEXColors.swift in Sources */ = {isa = PBXBuildFile; fileRef = 285F1B781C5AFBBB00A7E0DD /* SwiftHEXColors.swift */; };
		285F1B8F1C5B069D00A7E0DD /* Observable.swift in Sources */ = {isa = PBXBuildFile; fileRef = 285F1B8E1C5B069D00A7E0DD /* Observable.swift */; };
		285F1B921C5B06CC00A7E0DD /* Event.swift in Sources */ = {isa = PBXBuildFile; fileRef = 285F1B911C5B06CC00A7E0DD /* Event.swift */; };
		285F1BB01C5B094F00A7E0DD /* Speaker.swift in Sources */ = {isa = PBXBuildFile; fileRef = 285F1BAF1C5B094F00A7E0DD /* Speaker.swift */; };
		285F1BB41C5B0FDC00A7E0DD /* SpeakerViewModel.swift in Sources */ = {isa = PBXBuildFile; fileRef = 285F1BB31C5B0FDC00A7E0DD /* SpeakerViewModel.swift */; };
		285F1BB81C5B16C700A7E0DD /* EventCell.swift in Sources */ = {isa = PBXBuildFile; fileRef = 285F1BB71C5B16C700A7E0DD /* EventCell.swift */; };
		285F1BBC1C5B2B2B00A7E0DD /* EventViewModel.swift in Sources */ = {isa = PBXBuildFile; fileRef = 285F1BBB1C5B2B2B00A7E0DD /* EventViewModel.swift */; };
		285F89AF1C81448A0033D090 /* ScheduleViewControllerDelegate.swift in Sources */ = {isa = PBXBuildFile; fileRef = 285F89AE1C81448A0033D090 /* ScheduleViewControllerDelegate.swift */; };
		285F89B21C8149420033D090 /* Favorites.storyboard in Resources */ = {isa = PBXBuildFile; fileRef = 285F89B01C8149420033D090 /* Favorites.storyboard */; };
		285F89B41C814B0A0033D090 /* Sessions.storyboard in Resources */ = {isa = PBXBuildFile; fileRef = 285F89B31C814B0A0033D090 /* Sessions.storyboard */; };
		28A0BC6D1C5F4082001625FB /* FossAsiaEventsService.swift in Sources */ = {isa = PBXBuildFile; fileRef = 28A0BC6C1C5F4082001625FB /* FossAsiaEventsService.swift */; };
		28A0BC6F1C5F42D6001625FB /* Error.swift in Sources */ = {isa = PBXBuildFile; fileRef = 28A0BC6E1C5F42D6001625FB /* Error.swift */; };
		28A0BC711C5F4373001625FB /* EventsServiceProtocol.swift in Sources */ = {isa = PBXBuildFile; fileRef = 28A0BC701C5F4373001625FB /* EventsServiceProtocol.swift */; };
		28A0BC921C5F4FEC001625FB /* ScheduleViewModel.swift in Sources */ = {isa = PBXBuildFile; fileRef = 28A0BC911C5F4FEC001625FB /* ScheduleViewModel.swift */; };
		28A0BC941C5F50A2001625FB /* Schedule.swift in Sources */ = {isa = PBXBuildFile; fileRef = 28A0BC931C5F50A2001625FB /* Schedule.swift */; };
		28A17BCA1C70AF0200318336 /* IndividualEvent.storyboard in Resources */ = {isa = PBXBuildFile; fileRef = 28A17BC91C70AF0200318336 /* IndividualEvent.storyboard */; };
		28E2DA891C7EDFCB002F2FAA /* ScheduleVC.storyboard in Resources */ = {isa = PBXBuildFile; fileRef = 28E2DA881C7EDFCB002F2FAA /* ScheduleVC.storyboard */; };
		DA4CC3D451E57B3D3B6780CD /* Pods_FOSSAsia.framework in Frameworks */ = {isa = PBXBuildFile; fileRef = 193D6EE00801D10F0049F1C3 /* Pods_FOSSAsia.framework */; };
/* End PBXBuildFile section */

/* Begin PBXCopyFilesBuildPhase section */
		285F1B861C5B014600A7E0DD /* Embed Frameworks */ = {
			isa = PBXCopyFilesBuildPhase;
			buildActionMask = 2147483647;
			dstPath = "";
			dstSubfolderSpec = 10;
			files = (
			);
			name = "Embed Frameworks";
			runOnlyForDeploymentPostprocessing = 0;
		};
/* End PBXCopyFilesBuildPhase section */

/* Begin PBXFileReference section */
		193D6EE00801D10F0049F1C3 /* Pods_FOSSAsia.framework */ = {isa = PBXFileReference; explicitFileType = wrapper.framework; includeInIndex = 0; path = Pods_FOSSAsia.framework; sourceTree = BUILT_PRODUCTS_DIR; };
		28091E8C1C6332A600E789CD /* FilterListViewController.swift */ = {isa = PBXFileReference; fileEncoding = 4; lastKnownFileType = sourcecode.swift; path = FilterListViewController.swift; sourceTree = "<group>"; };
		28091E8E1C636F9000E789CD /* FilterCell.swift */ = {isa = PBXFileReference; fileEncoding = 4; lastKnownFileType = sourcecode.swift; path = FilterCell.swift; sourceTree = "<group>"; };
		28091E901C64B0B900E789CD /* Constants.swift */ = {isa = PBXFileReference; fileEncoding = 4; lastKnownFileType = sourcecode.swift; path = Constants.swift; sourceTree = "<group>"; };
		28091E921C64B61C00E789CD /* RangeExtension.swift */ = {isa = PBXFileReference; fileEncoding = 4; lastKnownFileType = sourcecode.swift; path = RangeExtension.swift; sourceTree = "<group>"; };
		28091E9A1C64CC1A00E789CD /* TrackViewModel.swift */ = {isa = PBXFileReference; fileEncoding = 4; lastKnownFileType = sourcecode.swift; path = TrackViewModel.swift; sourceTree = "<group>"; };
		280DE5281C62FCB200E64020 /* Podfile */ = {isa = PBXFileReference; fileEncoding = 4; lastKnownFileType = text; path = Podfile; sourceTree = "<group>"; xcLanguageSpecificationIdentifier = xcode.lang.ruby; };
		281324EC1C672EE80072E730 /* EventsResultsViewController.swift */ = {isa = PBXFileReference; fileEncoding = 4; lastKnownFileType = sourcecode.swift; path = EventsResultsViewController.swift; sourceTree = "<group>"; };
		281324EE1C6735430072E730 /* EventsBaseViewController.swift */ = {isa = PBXFileReference; fileEncoding = 4; lastKnownFileType = sourcecode.swift; path = EventsBaseViewController.swift; sourceTree = "<group>"; };
		2824FD591C6C0AFE00F783E1 /* SchedulePagingView.swift */ = {isa = PBXFileReference; fileEncoding = 4; lastKnownFileType = sourcecode.swift; path = SchedulePagingView.swift; sourceTree = "<group>"; };
		2824FD611C6C732300F783E1 /* MoreViewController.swift */ = {isa = PBXFileReference; fileEncoding = 4; lastKnownFileType = sourcecode.swift; path = MoreViewController.swift; sourceTree = "<group>"; };
		2824FD631C6DA80600F783E1 /* LoadingViewController.swift */ = {isa = PBXFileReference; fileEncoding = 4; lastKnownFileType = sourcecode.swift; path = LoadingViewController.swift; sourceTree = "<group>"; };
		2824FD651C6DBBF500F783E1 /* EventListBrowsingProtocol.swift */ = {isa = PBXFileReference; fileEncoding = 4; lastKnownFileType = sourcecode.swift; path = EventListBrowsingProtocol.swift; sourceTree = "<group>"; };
		2824FD6A1C6DBF9A00F783E1 /* More.storyboard */ = {isa = PBXFileReference; fileEncoding = 4; lastKnownFileType = file.storyboard; path = More.storyboard; sourceTree = "<group>"; };
		2824FD6C1C6DC05300F783E1 /* FavoriteEventsListViewController.swift */ = {isa = PBXFileReference; fileEncoding = 4; lastKnownFileType = sourcecode.swift; path = FavoriteEventsListViewController.swift; sourceTree = "<group>"; };
		2824FD6E1C6DC4E100F783E1 /* EventsBaseListViewController.swift */ = {isa = PBXFileReference; fileEncoding = 4; lastKnownFileType = sourcecode.swift; path = EventsBaseListViewController.swift; sourceTree = "<group>"; };
		2824FE0F1C6EBB6700F783E1 /* FavoritesScheduleViewController.swift */ = {isa = PBXFileReference; fileEncoding = 4; lastKnownFileType = sourcecode.swift; path = FavoritesScheduleViewController.swift; sourceTree = "<group>"; };
		2824FE111C6EBB9E00F783E1 /* ScheduleBrowsingProtocol.swift */ = {isa = PBXFileReference; fileEncoding = 4; lastKnownFileType = sourcecode.swift; path = ScheduleBrowsingProtocol.swift; sourceTree = "<group>"; };
		28352C701C6B2B9F0055E2F5 /* EventsListViewController.swift */ = {isa = PBXFileReference; fileEncoding = 4; lastKnownFileType = sourcecode.swift; path = EventsListViewController.swift; sourceTree = "<group>"; };
		28352C721C6B411C0055E2F5 /* EventsListViewModel.swift */ = {isa = PBXFileReference; fileEncoding = 4; lastKnownFileType = sourcecode.swift; path = EventsListViewModel.swift; sourceTree = "<group>"; };
		2859B0FD1C5DF8D7009656FC /* EventViewController.swift */ = {isa = PBXFileReference; fileEncoding = 4; lastKnownFileType = sourcecode.swift; path = EventViewController.swift; sourceTree = "<group>"; };
		2859B0FF1C5DFD09009656FC /* Colors.swift */ = {isa = PBXFileReference; fileEncoding = 4; lastKnownFileType = sourcecode.swift; path = Colors.swift; sourceTree = "<group>"; };
		2859B1011C5E29DC009656FC /* EventInfoView.swift */ = {isa = PBXFileReference; fileEncoding = 4; lastKnownFileType = sourcecode.swift; path = EventInfoView.swift; sourceTree = "<group>"; };
		285F1B611C5AF7B100A7E0DD /* FOSSAsia.app */ = {isa = PBXFileReference; explicitFileType = wrapper.application; includeInIndex = 0; path = FOSSAsia.app; sourceTree = BUILT_PRODUCTS_DIR; };
		285F1B641C5AF7B100A7E0DD /* AppDelegate.swift */ = {isa = PBXFileReference; lastKnownFileType = sourcecode.swift; path = AppDelegate.swift; sourceTree = "<group>"; };
		285F1B661C5AF7B100A7E0DD /* ScheduleViewController.swift */ = {isa = PBXFileReference; lastKnownFileType = sourcecode.swift; path = ScheduleViewController.swift; sourceTree = "<group>"; };
		285F1B6B1C5AF7B100A7E0DD /* Base */ = {isa = PBXFileReference; lastKnownFileType = file.storyboard; name = Base; path = Base.lproj/Main.storyboard; sourceTree = "<group>"; };
		285F1B6D1C5AF7B100A7E0DD /* Assets.xcassets */ = {isa = PBXFileReference; lastKnownFileType = folder.assetcatalog; path = Assets.xcassets; sourceTree = "<group>"; };
		285F1B701C5AF7B100A7E0DD /* Base */ = {isa = PBXFileReference; lastKnownFileType = file.storyboard; name = Base; path = Base.lproj/LaunchScreen.storyboard; sourceTree = "<group>"; };
		285F1B721C5AF7B100A7E0DD /* Info.plist */ = {isa = PBXFileReference; lastKnownFileType = text.plist.xml; path = Info.plist; sourceTree = "<group>"; };
		285F1B781C5AFBBB00A7E0DD /* SwiftHEXColors.swift */ = {isa = PBXFileReference; fileEncoding = 4; lastKnownFileType = sourcecode.swift; path = SwiftHEXColors.swift; sourceTree = "<group>"; };
		285F1B801C5AFE3200A7E0DD /* Fossasia-Bridging-Header.h */ = {isa = PBXFileReference; lastKnownFileType = sourcecode.c.h; path = "Fossasia-Bridging-Header.h"; sourceTree = "<group>"; };
		285F1B8E1C5B069D00A7E0DD /* Observable.swift */ = {isa = PBXFileReference; fileEncoding = 4; lastKnownFileType = sourcecode.swift; path = Observable.swift; sourceTree = "<group>"; };
		285F1B911C5B06CC00A7E0DD /* Event.swift */ = {isa = PBXFileReference; fileEncoding = 4; lastKnownFileType = sourcecode.swift; path = Event.swift; sourceTree = "<group>"; };
		285F1B971C5B08FC00A7E0DD /* DateTools.bundle */ = {isa = PBXFileReference; lastKnownFileType = "wrapper.plug-in"; path = DateTools.bundle; sourceTree = "<group>"; };
		285F1B981C5B08FC00A7E0DD /* DateTools.h */ = {isa = PBXFileReference; fileEncoding = 4; lastKnownFileType = sourcecode.c.h; path = DateTools.h; sourceTree = "<group>"; };
		285F1B991C5B08FC00A7E0DD /* DTConstants.h */ = {isa = PBXFileReference; fileEncoding = 4; lastKnownFileType = sourcecode.c.h; path = DTConstants.h; sourceTree = "<group>"; };
		285F1B9A1C5B08FC00A7E0DD /* DTConstants.m */ = {isa = PBXFileReference; fileEncoding = 4; lastKnownFileType = sourcecode.c.objc; path = DTConstants.m; sourceTree = "<group>"; };
		285F1B9B1C5B08FC00A7E0DD /* DTError.h */ = {isa = PBXFileReference; fileEncoding = 4; lastKnownFileType = sourcecode.c.h; path = DTError.h; sourceTree = "<group>"; };
		285F1B9C1C5B08FC00A7E0DD /* DTError.m */ = {isa = PBXFileReference; fileEncoding = 4; lastKnownFileType = sourcecode.c.objc; path = DTError.m; sourceTree = "<group>"; };
		285F1B9D1C5B08FC00A7E0DD /* DTTimePeriod.h */ = {isa = PBXFileReference; fileEncoding = 4; lastKnownFileType = sourcecode.c.h; path = DTTimePeriod.h; sourceTree = "<group>"; };
		285F1B9E1C5B08FC00A7E0DD /* DTTimePeriod.m */ = {isa = PBXFileReference; fileEncoding = 4; lastKnownFileType = sourcecode.c.objc; path = DTTimePeriod.m; sourceTree = "<group>"; };
		285F1B9F1C5B08FC00A7E0DD /* DTTimePeriodChain.h */ = {isa = PBXFileReference; fileEncoding = 4; lastKnownFileType = sourcecode.c.h; path = DTTimePeriodChain.h; sourceTree = "<group>"; };
		285F1BA01C5B08FC00A7E0DD /* DTTimePeriodChain.m */ = {isa = PBXFileReference; fileEncoding = 4; lastKnownFileType = sourcecode.c.objc; path = DTTimePeriodChain.m; sourceTree = "<group>"; };
		285F1BA11C5B08FC00A7E0DD /* DTTimePeriodCollection.h */ = {isa = PBXFileReference; fileEncoding = 4; lastKnownFileType = sourcecode.c.h; path = DTTimePeriodCollection.h; sourceTree = "<group>"; };
		285F1BA21C5B08FC00A7E0DD /* DTTimePeriodCollection.m */ = {isa = PBXFileReference; fileEncoding = 4; lastKnownFileType = sourcecode.c.objc; path = DTTimePeriodCollection.m; sourceTree = "<group>"; };
		285F1BA31C5B08FC00A7E0DD /* DTTimePeriodGroup.h */ = {isa = PBXFileReference; fileEncoding = 4; lastKnownFileType = sourcecode.c.h; path = DTTimePeriodGroup.h; sourceTree = "<group>"; };
		285F1BA41C5B08FC00A7E0DD /* DTTimePeriodGroup.m */ = {isa = PBXFileReference; fileEncoding = 4; lastKnownFileType = sourcecode.c.objc; path = DTTimePeriodGroup.m; sourceTree = "<group>"; };
		285F1BA51C5B08FC00A7E0DD /* NSDate+DateTools.h */ = {isa = PBXFileReference; fileEncoding = 4; lastKnownFileType = sourcecode.c.h; path = "NSDate+DateTools.h"; sourceTree = "<group>"; };
		285F1BA61C5B08FC00A7E0DD /* NSDate+DateTools.m */ = {isa = PBXFileReference; fileEncoding = 4; lastKnownFileType = sourcecode.c.objc; path = "NSDate+DateTools.m"; sourceTree = "<group>"; };
		285F1BAF1C5B094F00A7E0DD /* Speaker.swift */ = {isa = PBXFileReference; fileEncoding = 4; lastKnownFileType = sourcecode.swift; path = Speaker.swift; sourceTree = "<group>"; };
		285F1BB31C5B0FDC00A7E0DD /* SpeakerViewModel.swift */ = {isa = PBXFileReference; fileEncoding = 4; lastKnownFileType = sourcecode.swift; path = SpeakerViewModel.swift; sourceTree = "<group>"; };
		285F1BB71C5B16C700A7E0DD /* EventCell.swift */ = {isa = PBXFileReference; fileEncoding = 4; lastKnownFileType = sourcecode.swift; path = EventCell.swift; sourceTree = "<group>"; };
		285F1BBB1C5B2B2B00A7E0DD /* EventViewModel.swift */ = {isa = PBXFileReference; fileEncoding = 4; lastKnownFileType = sourcecode.swift; path = EventViewModel.swift; sourceTree = "<group>"; };
		285F89AE1C81448A0033D090 /* ScheduleViewControllerDelegate.swift */ = {isa = PBXFileReference; fileEncoding = 4; lastKnownFileType = sourcecode.swift; path = ScheduleViewControllerDelegate.swift; sourceTree = "<group>"; };
		285F89B11C8149420033D090 /* Base */ = {isa = PBXFileReference; lastKnownFileType = file.storyboard; name = Base; path = Base.lproj/Favorites.storyboard; sourceTree = "<group>"; };
		285F89B31C814B0A0033D090 /* Sessions.storyboard */ = {isa = PBXFileReference; fileEncoding = 4; lastKnownFileType = file.storyboard; path = Sessions.storyboard; sourceTree = "<group>"; };
		28A0BC6C1C5F4082001625FB /* FossAsiaEventsService.swift */ = {isa = PBXFileReference; fileEncoding = 4; lastKnownFileType = sourcecode.swift; path = FossAsiaEventsService.swift; sourceTree = "<group>"; };
		28A0BC6E1C5F42D6001625FB /* Error.swift */ = {isa = PBXFileReference; fileEncoding = 4; lastKnownFileType = sourcecode.swift; path = Error.swift; sourceTree = "<group>"; };
		28A0BC701C5F4373001625FB /* EventsServiceProtocol.swift */ = {isa = PBXFileReference; fileEncoding = 4; lastKnownFileType = sourcecode.swift; path = EventsServiceProtocol.swift; sourceTree = "<group>"; };
		28A0BC911C5F4FEC001625FB /* ScheduleViewModel.swift */ = {isa = PBXFileReference; fileEncoding = 4; lastKnownFileType = sourcecode.swift; path = ScheduleViewModel.swift; sourceTree = "<group>"; };
		28A0BC931C5F50A2001625FB /* Schedule.swift */ = {isa = PBXFileReference; fileEncoding = 4; lastKnownFileType = sourcecode.swift; path = Schedule.swift; sourceTree = "<group>"; };
		28A17BC91C70AF0200318336 /* IndividualEvent.storyboard */ = {isa = PBXFileReference; fileEncoding = 4; lastKnownFileType = file.storyboard; path = IndividualEvent.storyboard; sourceTree = "<group>"; };
		28E2DA881C7EDFCB002F2FAA /* ScheduleVC.storyboard */ = {isa = PBXFileReference; fileEncoding = 4; lastKnownFileType = file.storyboard; path = ScheduleVC.storyboard; sourceTree = "<group>"; };
		79D22ECB7ECA2ECF5403D3D1 /* Pods-FOSSAsia.release.xcconfig */ = {isa = PBXFileReference; includeInIndex = 1; lastKnownFileType = text.xcconfig; name = "Pods-FOSSAsia.release.xcconfig"; path = "Pods/Target Support Files/Pods-FOSSAsia/Pods-FOSSAsia.release.xcconfig"; sourceTree = "<group>"; };
		E0CFBD2E35D709E001678331 /* Pods-FOSSAsia.debug.xcconfig */ = {isa = PBXFileReference; includeInIndex = 1; lastKnownFileType = text.xcconfig; name = "Pods-FOSSAsia.debug.xcconfig"; path = "Pods/Target Support Files/Pods-FOSSAsia/Pods-FOSSAsia.debug.xcconfig"; sourceTree = "<group>"; };
/* End PBXFileReference section */

/* Begin PBXFrameworksBuildPhase section */
		285F1B5E1C5AF7B100A7E0DD /* Frameworks */ = {
			isa = PBXFrameworksBuildPhase;
			buildActionMask = 2147483647;
			files = (
				DA4CC3D451E57B3D3B6780CD /* Pods_FOSSAsia.framework in Frameworks */,
			);
			runOnlyForDeploymentPostprocessing = 0;
		};
/* End PBXFrameworksBuildPhase section */

/* Begin PBXGroup section */
		28091E941C64B66100E789CD /* Extensions */ = {
			isa = PBXGroup;
			children = (
				28091E921C64B61C00E789CD /* RangeExtension.swift */,
			);
			name = Extensions;
			sourceTree = "<group>";
		};
		2818A9311C62300300ECB57F /* View Controllers */ = {
			isa = PBXGroup;
			children = (
				2824FD701C6DC8EB00F783E1 /* Schedule View Controllers */,
				2824FD711C6DC8F600F783E1 /* Schedule List View Controllers */,
				2824FD631C6DA80600F783E1 /* LoadingViewController.swift */,
				2859B0FD1C5DF8D7009656FC /* EventViewController.swift */,
				28091E8C1C6332A600E789CD /* FilterListViewController.swift */,
				2824FD611C6C732300F783E1 /* MoreViewController.swift */,
			);
			name = "View Controllers";
			sourceTree = "<group>";
		};
		2818A9381C62301A00ECB57F /* Models */ = {
			isa = PBXGroup;
			children = (
				285F1B911C5B06CC00A7E0DD /* Event.swift */,
				28A0BC931C5F50A2001625FB /* Schedule.swift */,
				285F1BAF1C5B094F00A7E0DD /* Speaker.swift */,
			);
			name = Models;
			sourceTree = "<group>";
		};
		2818A9391C62305100ECB57F /* ViewModels */ = {
			isa = PBXGroup;
			children = (
				285F1BBB1C5B2B2B00A7E0DD /* EventViewModel.swift */,
				28A0BC911C5F4FEC001625FB /* ScheduleViewModel.swift */,
				28352C721C6B411C0055E2F5 /* EventsListViewModel.swift */,
				285F1BB31C5B0FDC00A7E0DD /* SpeakerViewModel.swift */,
				28091E9A1C64CC1A00E789CD /* TrackViewModel.swift */,
			);
			name = ViewModels;
			sourceTree = "<group>";
		};
		2818A93A1C62347300ECB57F /* Services */ = {
			isa = PBXGroup;
			children = (
				28A0BC6C1C5F4082001625FB /* FossAsiaEventsService.swift */,
			);
			name = Services;
			sourceTree = "<group>";
		};
		2818A93B1C62347A00ECB57F /* Protocols */ = {
			isa = PBXGroup;
			children = (
				285F89AE1C81448A0033D090 /* ScheduleViewControllerDelegate.swift */,
				2824FE111C6EBB9E00F783E1 /* ScheduleBrowsingProtocol.swift */,
				2824FD651C6DBBF500F783E1 /* EventListBrowsingProtocol.swift */,
				28A0BC701C5F4373001625FB /* EventsServiceProtocol.swift */,
			);
			name = Protocols;
			sourceTree = "<group>";
		};
		2818A93C1C62348300ECB57F /* Storyboards */ = {
			isa = PBXGroup;
			children = (
				285F1B6A1C5AF7B100A7E0DD /* Main.storyboard */,
				285F89B31C814B0A0033D090 /* Sessions.storyboard */,
				285F89B01C8149420033D090 /* Favorites.storyboard */,
				2824FD6A1C6DBF9A00F783E1 /* More.storyboard */,
				28E2DA881C7EDFCB002F2FAA /* ScheduleVC.storyboard */,
				285F1B6F1C5AF7B100A7E0DD /* LaunchScreen.storyboard */,
				28A17BC91C70AF0200318336 /* IndividualEvent.storyboard */,
			);
			name = Storyboards;
			sourceTree = "<group>";
		};
		2824FD701C6DC8EB00F783E1 /* Schedule View Controllers */ = {
			isa = PBXGroup;
			children = (
				281324EE1C6735430072E730 /* EventsBaseViewController.swift */,
				285F1B661C5AF7B100A7E0DD /* ScheduleViewController.swift */,
				2824FE0F1C6EBB6700F783E1 /* FavoritesScheduleViewController.swift */,
				281324EC1C672EE80072E730 /* EventsResultsViewController.swift */,
			);
			name = "Schedule View Controllers";
			sourceTree = "<group>";
		};
		2824FD711C6DC8F600F783E1 /* Schedule List View Controllers */ = {
			isa = PBXGroup;
			children = (
				2824FD6E1C6DC4E100F783E1 /* EventsBaseListViewController.swift */,
				28352C701C6B2B9F0055E2F5 /* EventsListViewController.swift */,
				2824FD6C1C6DC05300F783E1 /* FavoriteEventsListViewController.swift */,
			);
			name = "Schedule List View Controllers";
			sourceTree = "<group>";
		};
		2859B1031C5E2F0A009656FC /* Views */ = {
			isa = PBXGroup;
			children = (
				285F1BB71C5B16C700A7E0DD /* EventCell.swift */,
				2859B1011C5E29DC009656FC /* EventInfoView.swift */,
				28091E8E1C636F9000E789CD /* FilterCell.swift */,
				2824FD591C6C0AFE00F783E1 /* SchedulePagingView.swift */,
			);
			name = Views;
			sourceTree = "<group>";
		};
		285F1B581C5AF7B100A7E0DD = {
			isa = PBXGroup;
			children = (
				280DE5281C62FCB200E64020 /* Podfile */,
				285F1B631C5AF7B100A7E0DD /* FOSSAsia */,
				285F1B621C5AF7B100A7E0DD /* Products */,
				68CECE78A9679E26EB9537C1 /* Pods */,
				DAE269688DB363D2864C25C6 /* Frameworks */,
			);
			sourceTree = "<group>";
		};
		285F1B621C5AF7B100A7E0DD /* Products */ = {
			isa = PBXGroup;
			children = (
				285F1B611C5AF7B100A7E0DD /* FOSSAsia.app */,
			);
			name = Products;
			sourceTree = "<group>";
		};
		285F1B631C5AF7B100A7E0DD /* FOSSAsia */ = {
			isa = PBXGroup;
			children = (
				285F1B641C5AF7B100A7E0DD /* AppDelegate.swift */,
				28091E901C64B0B900E789CD /* Constants.swift */,
				2818A9381C62301A00ECB57F /* Models */,
				2818A9391C62305100ECB57F /* ViewModels */,
				285F1B901C5B06A600A7E0DD /* Helpers */,
				2859B1031C5E2F0A009656FC /* Views */,
				2818A9311C62300300ECB57F /* View Controllers */,
				2818A93B1C62347A00ECB57F /* Protocols */,
				2818A93A1C62347300ECB57F /* Services */,
				2818A93C1C62348300ECB57F /* Storyboards */,
				285F1B6D1C5AF7B100A7E0DD /* Assets.xcassets */,
				285F1B721C5AF7B100A7E0DD /* Info.plist */,
				285F1B801C5AFE3200A7E0DD /* Fossasia-Bridging-Header.h */,
			);
			path = FOSSAsia;
			sourceTree = "<group>";
		};
		285F1B901C5B06A600A7E0DD /* Helpers */ = {
			isa = PBXGroup;
			children = (
				28091E941C64B66100E789CD /* Extensions */,
				285F1B961C5B08FC00A7E0DD /* DateTools */,
				2859B0FF1C5DFD09009656FC /* Colors.swift */,
				28A0BC6E1C5F42D6001625FB /* Error.swift */,
				285F1B8E1C5B069D00A7E0DD /* Observable.swift */,
				285F1B781C5AFBBB00A7E0DD /* SwiftHEXColors.swift */,
			);
			name = Helpers;
			sourceTree = "<group>";
		};
		285F1B961C5B08FC00A7E0DD /* DateTools */ = {
			isa = PBXGroup;
			children = (
				285F1B971C5B08FC00A7E0DD /* DateTools.bundle */,
				285F1B981C5B08FC00A7E0DD /* DateTools.h */,
				285F1B991C5B08FC00A7E0DD /* DTConstants.h */,
				285F1B9A1C5B08FC00A7E0DD /* DTConstants.m */,
				285F1B9B1C5B08FC00A7E0DD /* DTError.h */,
				285F1B9C1C5B08FC00A7E0DD /* DTError.m */,
				285F1B9D1C5B08FC00A7E0DD /* DTTimePeriod.h */,
				285F1B9E1C5B08FC00A7E0DD /* DTTimePeriod.m */,
				285F1B9F1C5B08FC00A7E0DD /* DTTimePeriodChain.h */,
				285F1BA01C5B08FC00A7E0DD /* DTTimePeriodChain.m */,
				285F1BA11C5B08FC00A7E0DD /* DTTimePeriodCollection.h */,
				285F1BA21C5B08FC00A7E0DD /* DTTimePeriodCollection.m */,
				285F1BA31C5B08FC00A7E0DD /* DTTimePeriodGroup.h */,
				285F1BA41C5B08FC00A7E0DD /* DTTimePeriodGroup.m */,
				285F1BA51C5B08FC00A7E0DD /* NSDate+DateTools.h */,
				285F1BA61C5B08FC00A7E0DD /* NSDate+DateTools.m */,
			);
			name = DateTools;
			path = ../DateTools/DateTools;
			sourceTree = "<group>";
		};
		68CECE78A9679E26EB9537C1 /* Pods */ = {
			isa = PBXGroup;
			children = (
				E0CFBD2E35D709E001678331 /* Pods-FOSSAsia.debug.xcconfig */,
				79D22ECB7ECA2ECF5403D3D1 /* Pods-FOSSAsia.release.xcconfig */,
			);
			name = Pods;
			sourceTree = "<group>";
		};
		DAE269688DB363D2864C25C6 /* Frameworks */ = {
			isa = PBXGroup;
			children = (
				193D6EE00801D10F0049F1C3 /* Pods_FOSSAsia.framework */,
			);
			name = Frameworks;
			sourceTree = "<group>";
		};
/* End PBXGroup section */

/* Begin PBXNativeTarget section */
		285F1B601C5AF7B100A7E0DD /* FOSSAsia */ = {
			isa = PBXNativeTarget;
			buildConfigurationList = 285F1B751C5AF7B100A7E0DD /* Build configuration list for PBXNativeTarget "FOSSAsia" */;
			buildPhases = (
				D9055AB47736DDBB3643C9C7 /* Check Pods Manifest.lock */,
				285F1B5D1C5AF7B100A7E0DD /* Sources */,
				285F1B5E1C5AF7B100A7E0DD /* Frameworks */,
				285F1B5F1C5AF7B100A7E0DD /* Resources */,
				285F1B861C5B014600A7E0DD /* Embed Frameworks */,
				F341A837660F909CADBE6D88 /* Embed Pods Frameworks */,
				12C23861AD2EA3CA68A3840B /* Copy Pods Resources */,
			);
			buildRules = (
			);
			dependencies = (
			);
			name = FOSSAsia;
			productName = FOSSAsia;
			productReference = 285F1B611C5AF7B100A7E0DD /* FOSSAsia.app */;
			productType = "com.apple.product-type.application";
		};
/* End PBXNativeTarget section */

/* Begin PBXProject section */
		285F1B591C5AF7B100A7E0DD /* Project object */ = {
			isa = PBXProject;
			attributes = {
				LastSwiftUpdateCheck = 0720;
				LastUpgradeCheck = 0720;
				ORGANIZATIONNAME = FossAsia;
				TargetAttributes = {
					285F1B601C5AF7B100A7E0DD = {
						CreatedOnToolsVersion = 7.2;
						DevelopmentTeam = EZ49532236;
					};
				};
			};
			buildConfigurationList = 285F1B5C1C5AF7B100A7E0DD /* Build configuration list for PBXProject "FOSSAsia" */;
			compatibilityVersion = "Xcode 3.2";
			developmentRegion = English;
			hasScannedForEncodings = 0;
			knownRegions = (
				en,
				Base,
			);
			mainGroup = 285F1B581C5AF7B100A7E0DD;
			productRefGroup = 285F1B621C5AF7B100A7E0DD /* Products */;
			projectDirPath = "";
			projectRoot = "";
			targets = (
				285F1B601C5AF7B100A7E0DD /* FOSSAsia */,
			);
		};
/* End PBXProject section */

/* Begin PBXResourcesBuildPhase section */
		285F1B5F1C5AF7B100A7E0DD /* Resources */ = {
			isa = PBXResourcesBuildPhase;
			buildActionMask = 2147483647;
			files = (
				280DE5291C62FCB200E64020 /* Podfile in Resources */,
				2824FD6B1C6DBF9A00F783E1 /* More.storyboard in Resources */,
				285F89B21C8149420033D090 /* Favorites.storyboard in Resources */,
				285F1B711C5AF7B100A7E0DD /* LaunchScreen.storyboard in Resources */,
				28A17BCA1C70AF0200318336 /* IndividualEvent.storyboard in Resources */,
				285F89B41C814B0A0033D090 /* Sessions.storyboard in Resources */,
				285F1B6E1C5AF7B100A7E0DD /* Assets.xcassets in Resources */,
				285F1B6C1C5AF7B100A7E0DD /* Main.storyboard in Resources */,
				28E2DA891C7EDFCB002F2FAA /* ScheduleVC.storyboard in Resources */,
			);
			runOnlyForDeploymentPostprocessing = 0;
		};
/* End PBXResourcesBuildPhase section */

/* Begin PBXShellScriptBuildPhase section */
		12C23861AD2EA3CA68A3840B /* Copy Pods Resources */ = {
			isa = PBXShellScriptBuildPhase;
			buildActionMask = 2147483647;
			files = (
			);
			inputPaths = (
			);
			name = "Copy Pods Resources";
			outputPaths = (
			);
			runOnlyForDeploymentPostprocessing = 0;
			shellPath = /bin/sh;
			shellScript = "\"${SRCROOT}/Pods/Target Support Files/Pods-FOSSAsia/Pods-FOSSAsia-resources.sh\"\n";
			showEnvVarsInLog = 0;
		};
		D9055AB47736DDBB3643C9C7 /* Check Pods Manifest.lock */ = {
			isa = PBXShellScriptBuildPhase;
			buildActionMask = 2147483647;
			files = (
			);
			inputPaths = (
			);
			name = "Check Pods Manifest.lock";
			outputPaths = (
			);
			runOnlyForDeploymentPostprocessing = 0;
			shellPath = /bin/sh;
			shellScript = "diff \"${PODS_ROOT}/../Podfile.lock\" \"${PODS_ROOT}/Manifest.lock\" > /dev/null\nif [[ $? != 0 ]] ; then\n    cat << EOM\nerror: The sandbox is not in sync with the Podfile.lock. Run 'pod install' or update your CocoaPods installation.\nEOM\n    exit 1\nfi\n";
			showEnvVarsInLog = 0;
		};
		F341A837660F909CADBE6D88 /* Embed Pods Frameworks */ = {
			isa = PBXShellScriptBuildPhase;
			buildActionMask = 2147483647;
			files = (
			);
			inputPaths = (
			);
			name = "Embed Pods Frameworks";
			outputPaths = (
			);
			runOnlyForDeploymentPostprocessing = 0;
			shellPath = /bin/sh;
			shellScript = "\"${SRCROOT}/Pods/Target Support Files/Pods-FOSSAsia/Pods-FOSSAsia-frameworks.sh\"\n";
			showEnvVarsInLog = 0;
		};
/* End PBXShellScriptBuildPhase section */

/* Begin PBXSourcesBuildPhase section */
		285F1B5D1C5AF7B100A7E0DD /* Sources */ = {
			isa = PBXSourcesBuildPhase;
			buildActionMask = 2147483647;
			files = (
				281324EF1C6735430072E730 /* EventsBaseViewController.swift in Sources */,
				2824FD661C6DBBF500F783E1 /* EventListBrowsingProtocol.swift in Sources */,
				28091E8D1C6332A600E789CD /* FilterListViewController.swift in Sources */,
				28352C731C6B411C0055E2F5 /* EventsListViewModel.swift in Sources */,
				2859B1001C5DFD09009656FC /* Colors.swift in Sources */,
				285F1B8F1C5B069D00A7E0DD /* Observable.swift in Sources */,
				28352C711C6B2B9F0055E2F5 /* EventsListViewController.swift in Sources */,
				285F1BBC1C5B2B2B00A7E0DD /* EventViewModel.swift in Sources */,
				2824FD6F1C6DC4E100F783E1 /* EventsBaseListViewController.swift in Sources */,
				285F1B651C5AF7B100A7E0DD /* AppDelegate.swift in Sources */,
				2859B0FE1C5DF8D7009656FC /* EventViewController.swift in Sources */,
				2859B1021C5E29DC009656FC /* EventInfoView.swift in Sources */,
				2824FD621C6C732300F783E1 /* MoreViewController.swift in Sources */,
				28091E9B1C64CC1A00E789CD /* TrackViewModel.swift in Sources */,
				285F1BB81C5B16C700A7E0DD /* EventCell.swift in Sources */,
				285F89AF1C81448A0033D090 /* ScheduleViewControllerDelegate.swift in Sources */,
				28091E8F1C636F9000E789CD /* FilterCell.swift in Sources */,
				285F1B671C5AF7B100A7E0DD /* ScheduleViewController.swift in Sources */,
				2824FE121C6EBB9E00F783E1 /* ScheduleBrowsingProtocol.swift in Sources */,
				28091E911C64B0B900E789CD /* Constants.swift in Sources */,
				2824FD641C6DA80600F783E1 /* LoadingViewController.swift in Sources */,
				281324ED1C672EE80072E730 /* EventsResultsViewController.swift in Sources */,
				285F1B921C5B06CC00A7E0DD /* Event.swift in Sources */,
				28A0BC941C5F50A2001625FB /* Schedule.swift in Sources */,
				285F1BB41C5B0FDC00A7E0DD /* SpeakerViewModel.swift in Sources */,
				28A0BC6F1C5F42D6001625FB /* Error.swift in Sources */,
				28A0BC711C5F4373001625FB /* EventsServiceProtocol.swift in Sources */,
				2824FD5A1C6C0AFE00F783E1 /* SchedulePagingView.swift in Sources */,
				28A0BC921C5F4FEC001625FB /* ScheduleViewModel.swift in Sources */,
				2824FD6D1C6DC05300F783E1 /* FavoriteEventsListViewController.swift in Sources */,
				285F1BB01C5B094F00A7E0DD /* Speaker.swift in Sources */,
				28A0BC6D1C5F4082001625FB /* FossAsiaEventsService.swift in Sources */,
				2824FE101C6EBB6700F783E1 /* FavoritesScheduleViewController.swift in Sources */,
				285F1B791C5AFBBB00A7E0DD /* SwiftHEXColors.swift in Sources */,
				28091E931C64B61C00E789CD /* RangeExtension.swift in Sources */,
			);
			runOnlyForDeploymentPostprocessing = 0;
		};
/* End PBXSourcesBuildPhase section */

/* Begin PBXVariantGroup section */
		285F1B6A1C5AF7B100A7E0DD /* Main.storyboard */ = {
			isa = PBXVariantGroup;
			children = (
				285F1B6B1C5AF7B100A7E0DD /* Base */,
			);
			name = Main.storyboard;
			sourceTree = "<group>";
		};
		285F1B6F1C5AF7B100A7E0DD /* LaunchScreen.storyboard */ = {
			isa = PBXVariantGroup;
			children = (
				285F1B701C5AF7B100A7E0DD /* Base */,
			);
			name = LaunchScreen.storyboard;
			sourceTree = "<group>";
		};
		285F89B01C8149420033D090 /* Favorites.storyboard */ = {
			isa = PBXVariantGroup;
			children = (
				285F89B11C8149420033D090 /* Base */,
			);
			name = Favorites.storyboard;
			sourceTree = "<group>";
		};
/* End PBXVariantGroup section */

/* Begin XCBuildConfiguration section */
		285F1B731C5AF7B100A7E0DD /* Debug */ = {
			isa = XCBuildConfiguration;
			buildSettings = {
				ALWAYS_SEARCH_USER_PATHS = NO;
				CLANG_CXX_LANGUAGE_STANDARD = "gnu++0x";
				CLANG_CXX_LIBRARY = "libc++";
				CLANG_ENABLE_MODULES = YES;
				CLANG_ENABLE_OBJC_ARC = YES;
				CLANG_WARN_BOOL_CONVERSION = YES;
				CLANG_WARN_CONSTANT_CONVERSION = YES;
				CLANG_WARN_DIRECT_OBJC_ISA_USAGE = YES_ERROR;
				CLANG_WARN_EMPTY_BODY = YES;
				CLANG_WARN_ENUM_CONVERSION = YES;
				CLANG_WARN_INT_CONVERSION = YES;
				CLANG_WARN_OBJC_ROOT_CLASS = YES_ERROR;
				CLANG_WARN_UNREACHABLE_CODE = YES;
				CLANG_WARN__DUPLICATE_METHOD_MATCH = YES;
				"CODE_SIGN_IDENTITY[sdk=iphoneos*]" = "iPhone Developer";
				COPY_PHASE_STRIP = NO;
				DEBUG_INFORMATION_FORMAT = dwarf;
				ENABLE_STRICT_OBJC_MSGSEND = YES;
				ENABLE_TESTABILITY = YES;
				GCC_C_LANGUAGE_STANDARD = gnu99;
				GCC_DYNAMIC_NO_PIC = NO;
				GCC_NO_COMMON_BLOCKS = YES;
				GCC_OPTIMIZATION_LEVEL = 0;
				GCC_PREPROCESSOR_DEFINITIONS = (
					"DEBUG=1",
					"$(inherited)",
				);
				GCC_WARN_64_TO_32_BIT_CONVERSION = YES;
				GCC_WARN_ABOUT_RETURN_TYPE = YES_ERROR;
				GCC_WARN_UNDECLARED_SELECTOR = YES;
				GCC_WARN_UNINITIALIZED_AUTOS = YES_AGGRESSIVE;
				GCC_WARN_UNUSED_FUNCTION = YES;
				GCC_WARN_UNUSED_VARIABLE = YES;
				IPHONEOS_DEPLOYMENT_TARGET = 9.2;
				MTL_ENABLE_DEBUG_INFO = YES;
				ONLY_ACTIVE_ARCH = YES;
				SDKROOT = iphoneos;
				SWIFT_OPTIMIZATION_LEVEL = "-Onone";
				TARGETED_DEVICE_FAMILY = "1,2";
			};
			name = Debug;
		};
		285F1B741C5AF7B100A7E0DD /* Release */ = {
			isa = XCBuildConfiguration;
			buildSettings = {
				ALWAYS_SEARCH_USER_PATHS = NO;
				CLANG_CXX_LANGUAGE_STANDARD = "gnu++0x";
				CLANG_CXX_LIBRARY = "libc++";
				CLANG_ENABLE_MODULES = YES;
				CLANG_ENABLE_OBJC_ARC = YES;
				CLANG_WARN_BOOL_CONVERSION = YES;
				CLANG_WARN_CONSTANT_CONVERSION = YES;
				CLANG_WARN_DIRECT_OBJC_ISA_USAGE = YES_ERROR;
				CLANG_WARN_EMPTY_BODY = YES;
				CLANG_WARN_ENUM_CONVERSION = YES;
				CLANG_WARN_INT_CONVERSION = YES;
				CLANG_WARN_OBJC_ROOT_CLASS = YES_ERROR;
				CLANG_WARN_UNREACHABLE_CODE = YES;
				CLANG_WARN__DUPLICATE_METHOD_MATCH = YES;
				"CODE_SIGN_IDENTITY[sdk=iphoneos*]" = "iPhone Developer";
				COPY_PHASE_STRIP = NO;
				DEBUG_INFORMATION_FORMAT = "dwarf-with-dsym";
				ENABLE_NS_ASSERTIONS = NO;
				ENABLE_STRICT_OBJC_MSGSEND = YES;
				GCC_C_LANGUAGE_STANDARD = gnu99;
				GCC_NO_COMMON_BLOCKS = YES;
				GCC_WARN_64_TO_32_BIT_CONVERSION = YES;
				GCC_WARN_ABOUT_RETURN_TYPE = YES_ERROR;
				GCC_WARN_UNDECLARED_SELECTOR = YES;
				GCC_WARN_UNINITIALIZED_AUTOS = YES_AGGRESSIVE;
				GCC_WARN_UNUSED_FUNCTION = YES;
				GCC_WARN_UNUSED_VARIABLE = YES;
				IPHONEOS_DEPLOYMENT_TARGET = 9.2;
				MTL_ENABLE_DEBUG_INFO = NO;
				SDKROOT = iphoneos;
				TARGETED_DEVICE_FAMILY = "1,2";
				VALIDATE_PRODUCT = YES;
			};
			name = Release;
		};
		285F1B761C5AF7B100A7E0DD /* Debug */ = {
			isa = XCBuildConfiguration;
			baseConfigurationReference = E0CFBD2E35D709E001678331 /* Pods-FOSSAsia.debug.xcconfig */;
			buildSettings = {
				ASSETCATALOG_COMPILER_APPICON_NAME = AppIcon;
				CODE_SIGN_IDENTITY = "iPhone Developer";
				"CODE_SIGN_IDENTITY[sdk=iphoneos*]" = "iPhone Developer";
				EMBEDDED_CONTENT_CONTAINS_SWIFT = "$(inherited)";
				FRAMEWORK_SEARCH_PATHS = (
					"$(inherited)",
					"$(PROJECT_DIR)",
					"$(inherited)",
				);
				INFOPLIST_FILE = FOSSAsia/Info.plist;
				LD_RUNPATH_SEARCH_PATHS = "$(inherited) @executable_path/Frameworks";
				OTHER_LDFLAGS = "$(inherited)";
				PRODUCT_BUNDLE_IDENTIFIER = com.fossasia.FOSSAsia;
				PRODUCT_NAME = "$(TARGET_NAME)";
				PROVISIONING_PROFILE = "";
				SWIFT_OBJC_BRIDGING_HEADER = "FOSSAsia/Fossasia-Bridging-Header.h";
				USER_HEADER_SEARCH_PATHS = "";
			};
			name = Debug;
		};
		285F1B771C5AF7B100A7E0DD /* Release */ = {
			isa = XCBuildConfiguration;
			baseConfigurationReference = 79D22ECB7ECA2ECF5403D3D1 /* Pods-FOSSAsia.release.xcconfig */;
			buildSettings = {
				ASSETCATALOG_COMPILER_APPICON_NAME = AppIcon;
				CODE_SIGN_IDENTITY = "iPhone Developer";
				"CODE_SIGN_IDENTITY[sdk=iphoneos*]" = "iPhone Developer";
				EMBEDDED_CONTENT_CONTAINS_SWIFT = "$(inherited)";
				FRAMEWORK_SEARCH_PATHS = (
					"$(inherited)",
					"$(PROJECT_DIR)",
					"$(inherited)",
				);
				INFOPLIST_FILE = FOSSAsia/Info.plist;
				LD_RUNPATH_SEARCH_PATHS = "$(inherited) @executable_path/Frameworks";
				OTHER_LDFLAGS = "$(inherited)";
				PRODUCT_BUNDLE_IDENTIFIER = com.fossasia.FOSSAsia;
				PRODUCT_NAME = "$(TARGET_NAME)";
				PROVISIONING_PROFILE = "";
				SWIFT_OBJC_BRIDGING_HEADER = "FOSSAsia/Fossasia-Bridging-Header.h";
				USER_HEADER_SEARCH_PATHS = "";
			};
			name = Release;
		};
/* End XCBuildConfiguration section */

/* Begin XCConfigurationList section */
		285F1B5C1C5AF7B100A7E0DD /* Build configuration list for PBXProject "FOSSAsia" */ = {
			isa = XCConfigurationList;
			buildConfigurations = (
				285F1B731C5AF7B100A7E0DD /* Debug */,
				285F1B741C5AF7B100A7E0DD /* Release */,
			);
			defaultConfigurationIsVisible = 0;
			defaultConfigurationName = Release;
		};
		285F1B751C5AF7B100A7E0DD /* Build configuration list for PBXNativeTarget "FOSSAsia" */ = {
			isa = XCConfigurationList;
			buildConfigurations = (
				285F1B761C5AF7B100A7E0DD /* Debug */,
				285F1B771C5AF7B100A7E0DD /* Release */,
			);
			defaultConfigurationIsVisible = 0;
			defaultConfigurationName = Release;
		};
/* End XCConfigurationList section */
	};
	rootObject = 285F1B591C5AF7B100A7E0DD /* Project object */;
}
